
Microsoft Visual Studio Solution File, Format Version 12.00
# Visual Studio Version 16
VisualStudioVersion = 16.0.30717.126
MinimumVisualStudioVersion = 10.0.40219.1
Project("{FAE04EC0-301F-11D3-BF4B-00C04F79EFBC}") = "Portfolio", "Portfolio\Portfolio.csproj", "{201BB0CE-7222-44CD-9FCA-A61CCB50EF20}"
EndProject
Global
	GlobalSection(SolutionConfigurationPlatforms) = preSolution
		Debug|Any CPU = Debug|Any CPU
		Release|Any CPU = Release|Any CPU
	EndGlobalSection
	GlobalSection(ProjectConfigurationPlatforms) = postSolution
		{201BB0CE-7222-44CD-9FCA-A61CCB50EF20}.Debug|Any CPU.ActiveCfg = Debug|Any CPU
		{201BB0CE-7222-44CD-9FCA-A61CCB50EF20}.Debug|Any CPU.Build.0 = Debug|Any CPU
		{201BB0CE-7222-44CD-9FCA-A61CCB50EF20}.Release|Any CPU.ActiveCfg = Release|Any CPU
		{201BB0CE-7222-44CD-9FCA-A61CCB50EF20}.Release|Any CPU.Build.0 = Release|Any CPU
	EndGlobalSection
	GlobalSection(SolutionProperties) = preSolution
		HideSolutionNode = FALSE
	EndGlobalSection
	GlobalSection(ExtensibilityGlobals) = postSolution
		SolutionGuid = {AD432514-BFF0-4B01-9C81-42063E3FE877}
	EndGlobalSection
EndGlobal
